{
  "nodes": {
    "nixpkgs": {
      "locked": {
        "lastModified": 1781607440,
        "narHash": "sha256-rxO+uc/KFbSJp+pgyXRuAX6QlG9hJdnt0BXpEQRXY+U=",
        "owner": "NixOS",
        "repo": "nixpkgs",
        "rev": "3e41b24abd260e8f71dbe2f5737d24122f972158",
        "type": "github"
      },
      "original": {
        "owner": "NixOS",
        "ref": "nixpkgs-unstable",
        "repo": "nixpkgs",
        "type": "github"
      }
    },
    "paw3222": {
      "flake": false,
      "locked": {
        "lastModified": 1782131408,
        "narHash": "sha256-a0vqpDZwvdXOTcCo1SMK4PLCnriFy+Gelo9NpRJNte4=",
        "path": "/Users/boltless/repo/zmk-driver-paw3222",
        "type": "path"
      },
      "original": {
        "path": "/Users/boltless/repo/zmk-driver-paw3222",
        "type": "path"
      }
    },
    "root": {
      "inputs": {
        "nixpkgs": "nixpkgs",
        "paw3222": "paw3222",
        "zmk-nix": "zmk-nix"
      }
    },
    "zmk-nix": {
      "inputs": {
        "nixpkgs": [
          "nixpkgs"
        ]
      },
      "locked": {
        "lastModified": 1782143178,
        "narHash": "sha256-8RVPE95bw1cgCwcx6wJ4j5uNpNTF0EN2e917PNSvNhw=",
        "rev": "a04fcc4c351bce691a10ac2feccd11c552e4c446",
        "revCount": 370,
        "type": "git",
        "url": "file:///Users/boltless/repo/zmk-nix"
      },
      "original": {
        "type": "git",
        "url": "file:///Users/boltless/repo/zmk-nix"
      }
    }
  },
  "root": "root",
  "version": 7
}
